
Microsoft Visual Studio Solution File, Format Version 12.00
# Visual Studio Version 17
VisualStudioVersion = 17.10.35027.167
MinimumVisualStudioVersion = 10.0.40219.1
Project("{FAE04EC0-301F-11D3-BF4B-00C04F79EFBC}") = "Travel", "Travel\Travel.csproj", "{CDDD7F0B-73E0-4A22-BCE8-17DDC084AA20}"
EndProject
Global
	GlobalSection(SolutionConfigurationPlatforms) = preSolution
		Debug|Any CPU = Debug|Any CPU
		Release|Any CPU = Release|Any CPU
	EndGlobalSection
	GlobalSection(ProjectConfigurationPlatforms) = postSolution
		{CDDD7F0B-73E0-4A22-BCE8-17DDC084AA20}.Debug|Any CPU.ActiveCfg = Debug|Any CPU
		{CDDD7F0B-73E0-4A22-BCE8-17DDC084AA20}.Debug|Any CPU.Build.0 = Debug|Any CPU
		{CDDD7F0B-73E0-4A22-BCE8-17DDC084AA20}.Release|Any CPU.ActiveCfg = Release|Any CPU
		{CDDD7F0B-73E0-4A22-BCE8-17DDC084AA20}.Release|Any CPU.Build.0 = Release|Any CPU
	EndGlobalSection
	GlobalSection(SolutionProperties) = preSolution
		HideSolutionNode = FALSE
	EndGlobalSection
	GlobalSection(ExtensibilityGlobals) = postSolution
		SolutionGuid = {CFDAB742-8651-4E78-9964-102B70AD1240}
	EndGlobalSection
EndGlobal
